// !$*UTF8*$!
{
	archiveVersion = 1;
	classes = {
	};
	objectVersion = 56;
	objects = {

/* Begin PBXBuildFile section */
		APP001 /* NovaidAssistApp.swift in Sources */ = {isa = PBXBuildFile; fileRef = SRC001 /* NovaidAssistApp.swift */; };
		APP002 /* ContentView.swift in Sources */ = {isa = PBXBuildFile; fileRef = SRC002 /* ContentView.swift */; };
		APP003 /* Assets.xcassets in Resources */ = {isa = PBXBuildFile; fileRef = RES001 /* Assets.xcassets */; };
		APP004 /* SplashView.swift in Sources */ = {isa = PBXBuildFile; fileRef = SRC003 /* SplashView.swift */; };
		APP005 /* UserHomeView.swift in Sources */ = {isa = PBXBuildFile; fileRef = SRC004 /* UserHomeView.swift */; };
		APP006 /* UserVideoCallView.swift in Sources */ = {isa = PBXBuildFile; fileRef = SRC005 /* UserVideoCallView.swift */; };
		APP007 /* ProfessionalHomeView.swift in Sources */ = {isa = PBXBuildFile; fileRef = SRC006 /* ProfessionalHomeView.swift */; };
		APP008 /* ProfessionalVideoCallView.swift in Sources */ = {isa = PBXBuildFile; fileRef = SRC007 /* ProfessionalVideoCallView.swift */; };
		APP009 /* WebRTCService.swift in Sources */ = {isa = PBXBuildFile; fileRef = SRC008 /* WebRTCService.swift */; };
		APP010 /* SignalingService.swift in Sources */ = {isa = PBXBuildFile; fileRef = SRC009 /* SignalingService.swift */; };
		APP011 /* VideoStabilizer.swift in Sources */ = {isa = PBXBuildFile; fileRef = SRC010 /* VideoStabilizer.swift */; };
		APP012 /* AnnotationService.swift in Sources */ = {isa = PBXBuildFile; fileRef = SRC011 /* AnnotationService.swift */; };
		APP013 /* UserManager.swift in Sources */ = {isa = PBXBuildFile; fileRef = SRC012 /* UserManager.swift */; };
		APP014 /* CallManager.swift in Sources */ = {isa = PBXBuildFile; fileRef = SRC013 /* CallManager.swift */; };
		APP015 /* Models.swift in Sources */ = {isa = PBXBuildFile; fileRef = SRC014 /* Models.swift */; };
		APP016 /* AnnotationOverlay.swift in Sources */ = {isa = PBXBuildFile; fileRef = SRC015 /* AnnotationOverlay.swift */; };
		APP017 /* DrawingCanvas.swift in Sources */ = {isa = PBXBuildFile; fileRef = SRC016 /* DrawingCanvas.swift */; };
		APP018 /* CameraPreview.swift in Sources */ = {isa = PBXBuildFile; fileRef = SRC017 /* CameraPreview.swift */; };
		APP019 /* Extensions.swift in Sources */ = {isa = PBXBuildFile; fileRef = SRC018 /* Extensions.swift */; };
		APP020 /* MultipeerService.swift in Sources */ = {isa = PBXBuildFile; fileRef = SRC019 /* MultipeerService.swift */; };
		TST001 /* NovaidAssistTests.swift in Sources */ = {isa = PBXBuildFile; fileRef = TST002 /* NovaidAssistTests.swift */; };
		UTT001 /* NovaidAssistUITests.swift in Sources */ = {isa = PBXBuildFile; fileRef = UTT002 /* NovaidAssistUITests.swift */; };
/* End PBXBuildFile section */

/* Begin PBXContainerItemProxy section */
		PXY001 /* PBXContainerItemProxy */ = {
			isa = PBXContainerItemProxy;
			containerPortal = PRJ001 /* Project object */;
			proxyType = 1;
			remoteGlobalIDString = TGT001;
			remoteInfo = NovaidAssist;
		};
		PXY002 /* PBXContainerItemProxy */ = {
			isa = PBXContainerItemProxy;
			containerPortal = PRJ001 /* Project object */;
			proxyType = 1;
			remoteGlobalIDString = TGT001;
			remoteInfo = NovaidAssist;
		};
/* End PBXContainerItemProxy section */

/* Begin PBXFileReference section */
		SRC001 /* NovaidAssistApp.swift */ = {isa = PBXFileReference; lastKnownFileType = sourcecode.swift; path = NovaidAssistApp.swift; sourceTree = "<group>"; };
		SRC002 /* ContentView.swift */ = {isa = PBXFileReference; lastKnownFileType = sourcecode.swift; path = ContentView.swift; sourceTree = "<group>"; };
		SRC003 /* SplashView.swift */ = {isa = PBXFileReference; lastKnownFileType = sourcecode.swift; path = SplashView.swift; sourceTree = "<group>"; };
		SRC004 /* UserHomeView.swift */ = {isa = PBXFileReference; lastKnownFileType = sourcecode.swift; path = UserHomeView.swift; sourceTree = "<group>"; };
		SRC005 /* UserVideoCallView.swift */ = {isa = PBXFileReference; lastKnownFileType = sourcecode.swift; path = UserVideoCallView.swift; sourceTree = "<group>"; };
		SRC006 /* ProfessionalHomeView.swift */ = {isa = PBXFileReference; lastKnownFileType = sourcecode.swift; path = ProfessionalHomeView.swift; sourceTree = "<group>"; };
		SRC007 /* ProfessionalVideoCallView.swift */ = {isa = PBXFileReference; lastKnownFileType = sourcecode.swift; path = ProfessionalVideoCallView.swift; sourceTree = "<group>"; };
		SRC008 /* WebRTCService.swift */ = {isa = PBXFileReference; lastKnownFileType = sourcecode.swift; path = WebRTCService.swift; sourceTree = "<group>"; };
		SRC009 /* SignalingService.swift */ = {isa = PBXFileReference; lastKnownFileType = sourcecode.swift; path = SignalingService.swift; sourceTree = "<group>"; };
		SRC010 /* VideoStabilizer.swift */ = {isa = PBXFileReference; lastKnownFileType = sourcecode.swift; path = VideoStabilizer.swift; sourceTree = "<group>"; };
		SRC011 /* AnnotationService.swift */ = {isa = PBXFileReference; lastKnownFileType = sourcecode.swift; path = AnnotationService.swift; sourceTree = "<group>"; };
		SRC012 /* UserManager.swift */ = {isa = PBXFileReference; lastKnownFileType = sourcecode.swift; path = UserManager.swift; sourceTree = "<group>"; };
		SRC013 /* CallManager.swift */ = {isa = PBXFileReference; lastKnownFileType = sourcecode.swift; path = CallManager.swift; sourceTree = "<group>"; };
		SRC014 /* Models.swift */ = {isa = PBXFileReference; lastKnownFileType = sourcecode.swift; path = Models.swift; sourceTree = "<group>"; };
		SRC015 /* AnnotationOverlay.swift */ = {isa = PBXFileReference; lastKnownFileType = sourcecode.swift; path = AnnotationOverlay.swift; sourceTree = "<group>"; };
		SRC016 /* DrawingCanvas.swift */ = {isa = PBXFileReference; lastKnownFileType = sourcecode.swift; path = DrawingCanvas.swift; sourceTree = "<group>"; };
		SRC017 /* CameraPreview.swift */ = {isa = PBXFileReference; lastKnownFileType = sourcecode.swift; path = CameraPreview.swift; sourceTree = "<group>"; };
		SRC018 /* Extensions.swift */ = {isa = PBXFileReference; lastKnownFileType = sourcecode.swift; path = Extensions.swift; sourceTree = "<group>"; };
		SRC019 /* MultipeerService.swift */ = {isa = PBXFileReference; lastKnownFileType = sourcecode.swift; path = MultipeerService.swift; sourceTree = "<group>"; };
		RES001 /* Assets.xcassets */ = {isa = PBXFileReference; lastKnownFileType = folder.assetcatalog; path = Assets.xcassets; sourceTree = "<group>"; };
		RES002 /* Info.plist */ = {isa = PBXFileReference; lastKnownFileType = text.plist.xml; path = Info.plist; sourceTree = "<group>"; };
		PRD001 /* NovaidAssist.app */ = {isa = PBXFileReference; explicitFileType = wrapper.application; includeInIndex = 0; path = NovaidAssist.app; sourceTree = BUILT_PRODUCTS_DIR; };
		TST002 /* NovaidAssistTests.swift */ = {isa = PBXFileReference; lastKnownFileType = sourcecode.swift; path = NovaidAssistTests.swift; sourceTree = "<group>"; };
		TST003 /* NovaidAssistTests.xctest */ = {isa = PBXFileReference; explicitFileType = wrapper.cfbundle; includeInIndex = 0; path = NovaidAssistTests.xctest; sourceTree = BUILT_PRODUCTS_DIR; };
		UTT002 /* NovaidAssistUITests.swift */ = {isa = PBXFileReference; lastKnownFileType = sourcecode.swift; path = NovaidAssistUITests.swift; sourceTree = "<group>"; };
		UTT003 /* NovaidAssistUITests.xctest */ = {isa = PBXFileReference; explicitFileType = wrapper.cfbundle; includeInIndex = 0; path = NovaidAssistUITests.xctest; sourceTree = BUILT_PRODUCTS_DIR; };
/* End PBXFileReference section */

/* Begin PBXFrameworksBuildPhase section */
		FWK001 /* Frameworks */ = {
			isa = PBXFrameworksBuildPhase;
			buildActionMask = 2147483647;
			files = (
			);
			runOnlyForDeploymentPostprocessing = 0;
		};
		FWK002 /* Frameworks */ = {
			isa = PBXFrameworksBuildPhase;
			buildActionMask = 2147483647;
			files = (
			);
			runOnlyForDeploymentPostprocessing = 0;
		};
		FWK003 /* Frameworks */ = {
			isa = PBXFrameworksBuildPhase;
			buildActionMask = 2147483647;
			files = (
			);
			runOnlyForDeploymentPostprocessing = 0;
		};
/* End PBXFrameworksBuildPhase section */

/* Begin PBXGroup section */
		GRP001 = {
			isa = PBXGroup;
			children = (
				GRP002 /* NovaidAssist */,
				GRP010 /* NovaidAssistTests */,
				GRP011 /* NovaidAssistUITests */,
				GRP012 /* Products */,
			);
			sourceTree = "<group>";
		};
		GRP002 /* NovaidAssist */ = {
			isa = PBXGroup;
			children = (
				SRC001 /* NovaidAssistApp.swift */,
				SRC002 /* ContentView.swift */,
				GRP003 /* Views */,
				GRP006 /* Services */,
				GRP007 /* Models */,
				GRP008 /* Utils */,
				RES001 /* Assets.xcassets */,
				RES002 /* Info.plist */,
			);
			path = NovaidAssist;
			sourceTree = "<group>";
		};
		GRP003 /* Views */ = {
			isa = PBXGroup;
			children = (
				SRC003 /* SplashView.swift */,
				GRP004 /* User */,
				GRP005 /* Professional */,
				SRC015 /* AnnotationOverlay.swift */,
				SRC016 /* DrawingCanvas.swift */,
				SRC017 /* CameraPreview.swift */,
			);
			path = Views;
			sourceTree = "<group>";
		};
		GRP004 /* User */ = {
			isa = PBXGroup;
			children = (
				SRC004 /* UserHomeView.swift */,
				SRC005 /* UserVideoCallView.swift */,
			);
			path = User;
			sourceTree = "<group>";
		};
		GRP005 /* Professional */ = {
			isa = PBXGroup;
			children = (
				SRC006 /* ProfessionalHomeView.swift */,
				SRC007 /* ProfessionalVideoCallView.swift */,
			);
			path = Professional;
			sourceTree = "<group>";
		};
		GRP006 /* Services */ = {
			isa = PBXGroup;
			children = (
				SRC008 /* WebRTCService.swift */,
				SRC009 /* SignalingService.swift */,
				SRC010 /* VideoStabilizer.swift */,
				SRC011 /* AnnotationService.swift */,
				SRC012 /* UserManager.swift */,
				SRC013 /* CallManager.swift */,
				SRC019 /* MultipeerService.swift */,
			);
			path = Services;
			sourceTree = "<group>";
		};
		GRP007 /* Models */ = {
			isa = PBXGroup;
			children = (
				SRC014 /* Models.swift */,
			);
			path = Models;
			sourceTree = "<group>";
		};
		GRP008 /* Utils */ = {
			isa = PBXGroup;
			children = (
				SRC018 /* Extensions.swift */,
			);
			path = Utils;
			sourceTree = "<group>";
		};
		GRP010 /* NovaidAssistTests */ = {
			isa = PBXGroup;
			children = (
				TST002 /* NovaidAssistTests.swift */,
			);
			path = NovaidAssistTests;
			sourceTree = "<group>";
		};
		GRP011 /* NovaidAssistUITests */ = {
			isa = PBXGroup;
			children = (
				UTT002 /* NovaidAssistUITests.swift */,
			);
			path = NovaidAssistUITests;
			sourceTree = "<group>";
		};
		GRP012 /* Products */ = {
			isa = PBXGroup;
			children = (
				PRD001 /* NovaidAssist.app */,
				TST003 /* NovaidAssistTests.xctest */,
				UTT003 /* NovaidAssistUITests.xctest */,
			);
			name = Products;
			sourceTree = "<group>";
		};
/* End PBXGroup section */

/* Begin PBXNativeTarget section */
		TGT001 /* NovaidAssist */ = {
			isa = PBXNativeTarget;
			buildConfigurationList = CFG001 /* Build configuration list for PBXNativeTarget "NovaidAssist" */;
			buildPhases = (
				SRC100 /* Sources */,
				FWK001 /* Frameworks */,
				RSC001 /* Resources */,
			);
			buildRules = (
			);
			dependencies = (
			);
			name = NovaidAssist;
			productName = NovaidAssist;
			productReference = PRD001 /* NovaidAssist.app */;
			productType = "com.apple.product-type.application";
		};
		TGT002 /* NovaidAssistTests */ = {
			isa = PBXNativeTarget;
			buildConfigurationList = CFG002 /* Build configuration list for PBXNativeTarget "NovaidAssistTests" */;
			buildPhases = (
				SRC101 /* Sources */,
				FWK002 /* Frameworks */,
				RSC002 /* Resources */,
			);
			buildRules = (
			);
			dependencies = (
				DEP001 /* PBXTargetDependency */,
			);
			name = NovaidAssistTests;
			productName = NovaidAssistTests;
			productReference = TST003 /* NovaidAssistTests.xctest */;
			productType = "com.apple.product-type.bundle.unit-test";
		};
		TGT003 /* NovaidAssistUITests */ = {
			isa = PBXNativeTarget;
			buildConfigurationList = CFG003 /* Build configuration list for PBXNativeTarget "NovaidAssistUITests" */;
			buildPhases = (
				SRC102 /* Sources */,
				FWK003 /* Frameworks */,
				RSC003 /* Resources */,
			);
			buildRules = (
			);
			dependencies = (
				DEP002 /* PBXTargetDependency */,
			);
			name = NovaidAssistUITests;
			productName = NovaidAssistUITests;
			productReference = UTT003 /* NovaidAssistUITests.xctest */;
			productType = "com.apple.product-type.bundle.ui-testing";
		};
/* End PBXNativeTarget section */

/* Begin PBXProject section */
		PRJ001 /* Project object */ = {
			isa = PBXProject;
			attributes = {
				BuildIndependentTargetsInParallel = 1;
				LastSwiftUpdateCheck = 1500;
				LastUpgradeCheck = 1500;
				TargetAttributes = {
					TGT001 = {
						CreatedOnToolsVersion = 15.0;
					};
					TGT002 = {
						CreatedOnToolsVersion = 15.0;
						TestTargetID = TGT001;
					};
					TGT003 = {
						CreatedOnToolsVersion = 15.0;
						TestTargetID = TGT001;
					};
				};
			};
			buildConfigurationList = CFG000 /* Build configuration list for PBXProject "NovaidAssist" */;
			compatibilityVersion = "Xcode 14.0";
			developmentRegion = en;
			hasScannedForEncodings = 0;
			knownRegions = (
				en,
				Base,
			);
			mainGroup = GRP001;
			productRefGroup = GRP012 /* Products */;
			projectDirPath = "";
			projectRoot = "";
			targets = (
				TGT001 /* NovaidAssist */,
				TGT002 /* NovaidAssistTests */,
				TGT003 /* NovaidAssistUITests */,
			);
		};
/* End PBXProject section */

/* Begin PBXResourcesBuildPhase section */
		RSC001 /* Resources */ = {
			isa = PBXResourcesBuildPhase;
			buildActionMask = 2147483647;
			files = (
				APP003 /* Assets.xcassets in Resources */,
			);
			runOnlyForDeploymentPostprocessing = 0;
		};
		RSC002 /* Resources */ = {
			isa = PBXResourcesBuildPhase;
			buildActionMask = 2147483647;
			files = (
			);
			runOnlyForDeploymentPostprocessing = 0;
		};
		RSC003 /* Resources */ = {
			isa = PBXResourcesBuildPhase;
			buildActionMask = 2147483647;
			files = (
			);
			runOnlyForDeploymentPostprocessing = 0;
		};
/* End PBXResourcesBuildPhase section */

/* Begin PBXSourcesBuildPhase section */
		SRC100 /* Sources */ = {
			isa = PBXSourcesBuildPhase;
			buildActionMask = 2147483647;
			files = (
				APP001 /* NovaidAssistApp.swift in Sources */,
				APP002 /* ContentView.swift in Sources */,
				APP004 /* SplashView.swift in Sources */,
				APP005 /* UserHomeView.swift in Sources */,
				APP006 /* UserVideoCallView.swift in Sources */,
				APP007 /* ProfessionalHomeView.swift in Sources */,
				APP008 /* ProfessionalVideoCallView.swift in Sources */,
				APP009 /* WebRTCService.swift in Sources */,
				APP010 /* SignalingService.swift in Sources */,
				APP011 /* VideoStabilizer.swift in Sources */,
				APP012 /* AnnotationService.swift in Sources */,
				APP013 /* UserManager.swift in Sources */,
				APP014 /* CallManager.swift in Sources */,
				APP015 /* Models.swift in Sources */,
				APP016 /* AnnotationOverlay.swift in Sources */,
				APP017 /* DrawingCanvas.swift in Sources */,
				APP018 /* CameraPreview.swift in Sources */,
				APP019 /* Extensions.swift in Sources */,
				APP020 /* MultipeerService.swift in Sources */,
			);
			runOnlyForDeploymentPostprocessing = 0;
		};
		SRC101 /* Sources */ = {
			isa = PBXSourcesBuildPhase;
			buildActionMask = 2147483647;
			files = (
				TST001 /* NovaidAssistTests.swift in Sources */,
			);
			runOnlyForDeploymentPostprocessing = 0;
		};
		SRC102 /* Sources */ = {
			isa = PBXSourcesBuildPhase;
			buildActionMask = 2147483647;
			files = (
				UTT001 /* NovaidAssistUITests.swift in Sources */,
			);
			runOnlyForDeploymentPostprocessing = 0;
		};
/* End PBXSourcesBuildPhase section */

/* Begin PBXTargetDependency section */
		DEP001 /* PBXTargetDependency */ = {
			isa = PBXTargetDependency;
			target = TGT001 /* NovaidAssist */;
			targetProxy = PXY001 /* PBXContainerItemProxy */;
		};
		DEP002 /* PBXTargetDependency */ = {
			isa = PBXTargetDependency;
			target = TGT001 /* NovaidAssist */;
			targetProxy = PXY002 /* PBXContainerItemProxy */;
		};
/* End PBXTargetDependency section */

/* Begin XCBuildConfiguration section */
		BLD001 /* Debug */ = {
			isa = XCBuildConfiguration;
			buildSettings = {
				ALWAYS_SEARCH_USER_PATHS = NO;
				ASSETCATALOG_COMPILER_GENERATE_SWIFT_ASSET_SYMBOL_EXTENSIONS = YES;
				CLANG_ANALYZER_NONNULL = YES;
				CLANG_ANALYZER_NUMBER_OBJECT_CONVERSION = YES_AGGRESSIVE;
				CLANG_CXX_LANGUAGE_STANDARD = "gnu++20";
				CLANG_ENABLE_MODULES = YES;
				CLANG_ENABLE_OBJC_ARC = YES;
				CLANG_ENABLE_OBJC_WEAK = YES;
				CLANG_WARN_BLOCK_CAPTURE_AUTORELEASING = YES;
				CLANG_WARN_BOOL_CONVERSION = YES;
				CLANG_WARN_COMMA = YES;
				CLANG_WARN_CONSTANT_CONVERSION = YES;
				CLANG_WARN_DEPRECATED_OBJC_IMPLEMENTATIONS = YES;
				CLANG_WARN_DIRECT_OBJC_ISA_USAGE = YES_ERROR;
				CLANG_WARN_DOCUMENTATION_COMMENTS = YES;
				CLANG_WARN_EMPTY_BODY = YES;
				CLANG_WARN_ENUM_CONVERSION = YES;
				CLANG_WARN_INFINITE_RECURSION = YES;
				CLANG_WARN_INT_CONVERSION = YES;
				CLANG_WARN_NON_LITERAL_NULL_CONVERSION = YES;
				CLANG_WARN_OBJC_IMPLICIT_RETAIN_SELF = YES;
				CLANG_WARN_OBJC_LITERAL_CONVERSION = YES;
				CLANG_WARN_OBJC_ROOT_CLASS = YES_ERROR;
				CLANG_WARN_QUOTED_INCLUDE_IN_FRAMEWORK_HEADER = YES;
				CLANG_WARN_RANGE_LOOP_ANALYSIS = YES;
				CLANG_WARN_STRICT_PROTOTYPES = YES;
				CLANG_WARN_SUSPICIOUS_MOVE = YES;
				CLANG_WARN_UNGUARDED_AVAILABILITY = YES_AGGRESSIVE;
				CLANG_WARN_UNREACHABLE_CODE = YES;
				CLANG_WARN__DUPLICATE_METHOD_MATCH = YES;
				COPY_PHASE_STRIP = NO;
				DEBUG_INFORMATION_FORMAT = dwarf;
				ENABLE_STRICT_OBJC_MSGSEND = YES;
				ENABLE_TESTABILITY = YES;
				ENABLE_USER_SCRIPT_SANDBOXING = YES;
				GCC_C_LANGUAGE_STANDARD = gnu17;
				GCC_DYNAMIC_NO_PIC = NO;
				GCC_NO_COMMON_BLOCKS = YES;
				GCC_OPTIMIZATION_LEVEL = 0;
				GCC_PREPROCESSOR_DEFINITIONS = (
					"DEBUG=1",
					"$(inherited)",
				);
				GCC_WARN_64_TO_32_BIT_CONVERSION = YES;
				GCC_WARN_ABOUT_RETURN_TYPE = YES_ERROR;
				GCC_WARN_UNDECLARED_SELECTOR = YES;
				GCC_WARN_UNINITIALIZED_AUTOS = YES_AGGRESSIVE;
				GCC_WARN_UNUSED_FUNCTION = YES;
				GCC_WARN_UNUSED_VARIABLE = YES;
				IPHONEOS_DEPLOYMENT_TARGET = 16.0;
				LOCALIZATION_PREFERS_STRING_CATALOGS = YES;
				MTL_ENABLE_DEBUG_INFO = INCLUDE_SOURCE;
				MTL_FAST_MATH = YES;
				ONLY_ACTIVE_ARCH = YES;
				SDKROOT = iphoneos;
				SWIFT_ACTIVE_COMPILATION_CONDITIONS = "DEBUG $(inherited)";
				SWIFT_OPTIMIZATION_LEVEL = "-Onone";
			};
			name = Debug;
		};
		BLD002 /* Release */ = {
			isa = XCBuildConfiguration;
			buildSettings = {
				ALWAYS_SEARCH_USER_PATHS = NO;
				ASSETCATALOG_COMPILER_GENERATE_SWIFT_ASSET_SYMBOL_EXTENSIONS = YES;
				CLANG_ANALYZER_NONNULL = YES;
				CLANG_ANALYZER_NUMBER_OBJECT_CONVERSION = YES_AGGRESSIVE;
				CLANG_CXX_LANGUAGE_STANDARD = "gnu++20";
				CLANG_ENABLE_MODULES = YES;
				CLANG_ENABLE_OBJC_ARC = YES;
				CLANG_ENABLE_OBJC_WEAK = YES;
				CLANG_WARN_BLOCK_CAPTURE_AUTORELEASING = YES;
				CLANG_WARN_BOOL_CONVERSION = YES;
				CLANG_WARN_COMMA = YES;
				CLANG_WARN_CONSTANT_CONVERSION = YES;
				CLANG_WARN_DEPRECATED_OBJC_IMPLEMENTATIONS = YES;
				CLANG_WARN_DIRECT_OBJC_ISA_USAGE = YES_ERROR;
				CLANG_WARN_DOCUMENTATION_COMMENTS = YES;
				CLANG_WARN_EMPTY_BODY = YES;
				CLANG_WARN_ENUM_CONVERSION = YES;
				CLANG_WARN_INFINITE_RECURSION = YES;
				CLANG_WARN_INT_CONVERSION = YES;
				CLANG_WARN_NON_LITERAL_NULL_CONVERSION = YES;
				CLANG_WARN_OBJC_IMPLICIT_RETAIN_SELF = YES;
				CLANG_WARN_OBJC_LITERAL_CONVERSION = YES;
				CLANG_WARN_OBJC_ROOT_CLASS = YES_ERROR;
				CLANG_WARN_QUOTED_INCLUDE_IN_FRAMEWORK_HEADER = YES;
				CLANG_WARN_RANGE_LOOP_ANALYSIS = YES;
				CLANG_WARN_STRICT_PROTOTYPES = YES;
				CLANG_WARN_SUSPICIOUS_MOVE = YES;
				CLANG_WARN_UNGUARDED_AVAILABILITY = YES_AGGRESSIVE;
				CLANG_WARN_UNREACHABLE_CODE = YES;
				CLANG_WARN__DUPLICATE_METHOD_MATCH = YES;
				COPY_PHASE_STRIP = NO;
				DEBUG_INFORMATION_FORMAT = "dwarf-with-dsym";
				ENABLE_NS_ASSERTIONS = NO;
				ENABLE_STRICT_OBJC_MSGSEND = YES;
				ENABLE_USER_SCRIPT_SANDBOXING = YES;
				GCC_C_LANGUAGE_STANDARD = gnu17;
				GCC_NO_COMMON_BLOCKS = YES;
				GCC_WARN_64_TO_32_BIT_CONVERSION = YES;
				GCC_WARN_ABOUT_RETURN_TYPE = YES_ERROR;
				GCC_WARN_UNDECLARED_SELECTOR = YES;
				GCC_WARN_UNINITIALIZED_AUTOS = YES_AGGRESSIVE;
				GCC_WARN_UNUSED_FUNCTION = YES;
				GCC_WARN_UNUSED_VARIABLE = YES;
				IPHONEOS_DEPLOYMENT_TARGET = 16.0;
				LOCALIZATION_PREFERS_STRING_CATALOGS = YES;
				MTL_ENABLE_DEBUG_INFO = NO;
				MTL_FAST_MATH = YES;
				SDKROOT = iphoneos;
				SWIFT_COMPILATION_MODE = wholemodule;
				VALIDATE_PRODUCT = YES;
			};
			name = Release;
		};
		BLD003 /* Debug */ = {
			isa = XCBuildConfiguration;
			buildSettings = {
				ASSETCATALOG_COMPILER_APPICON_NAME = AppIcon;
				ASSETCATALOG_COMPILER_GLOBAL_ACCENT_COLOR_NAME = AccentColor;
				CODE_SIGN_STYLE = Automatic;
				CURRENT_PROJECT_VERSION = 1;
				DEVELOPMENT_TEAM = "";
				ENABLE_PREVIEWS = YES;
				GENERATE_INFOPLIST_FILE = YES;
				INFOPLIST_FILE = NovaidAssist/Info.plist;
				INFOPLIST_KEY_CFBundleDisplayName = "Novaid Assist";
				INFOPLIST_KEY_LSApplicationCategoryType = "public.app-category.productivity";
				INFOPLIST_KEY_NSCameraUsageDescription = "Camera access is needed for video calls";
				INFOPLIST_KEY_NSMicrophoneUsageDescription = "Microphone access is needed for audio during calls";
				INFOPLIST_KEY_UIApplicationSceneManifest_Generation = YES;
				INFOPLIST_KEY_UIApplicationSupportsIndirectInputEvents = YES;
				INFOPLIST_KEY_UILaunchScreen_Generation = YES;
				INFOPLIST_KEY_UISupportedInterfaceOrientations = UIInterfaceOrientationPortrait;
				INFOPLIST_KEY_UISupportedInterfaceOrientations_iPad = "UIInterfaceOrientationLandscapeLeft UIInterfaceOrientationLandscapeRight UIInterfaceOrientationPortrait UIInterfaceOrientationPortraitUpsideDown";
				LD_RUNPATH_SEARCH_PATHS = (
					"$(inherited)",
					"@executable_path/Frameworks",
				);
				MARKETING_VERSION = 1.0;
				PRODUCT_BUNDLE_IDENTIFIER = com.novaid.assist;
				PRODUCT_NAME = "$(TARGET_NAME)";
				SUPPORTED_PLATFORMS = "iphoneos iphonesimulator";
				SUPPORTS_MACCATALYST = NO;
				SWIFT_EMIT_LOC_STRINGS = YES;
				SWIFT_VERSION = 5.0;
				TARGETED_DEVICE_FAMILY = "1,2";
			};
			name = Debug;
		};
		BLD004 /* Release */ = {
			isa = XCBuildConfiguration;
			buildSettings = {
				ASSETCATALOG_COMPILER_APPICON_NAME = AppIcon;
				ASSETCATALOG_COMPILER_GLOBAL_ACCENT_COLOR_NAME = AccentColor;
				CODE_SIGN_STYLE = Automatic;
				CURRENT_PROJECT_VERSION = 1;
				DEVELOPMENT_TEAM = "";
				ENABLE_PREVIEWS = YES;
				GENERATE_INFOPLIST_FILE = YES;
				INFOPLIST_FILE = NovaidAssist/Info.plist;
				INFOPLIST_KEY_CFBundleDisplayName = "Novaid Assist";
				INFOPLIST_KEY_LSApplicationCategoryType = "public.app-category.productivity";
				INFOPLIST_KEY_NSCameraUsageDescription = "Camera access is needed for video calls";
				INFOPLIST_KEY_NSMicrophoneUsageDescription = "Microphone access is needed for audio during calls";
				INFOPLIST_KEY_UIApplicationSceneManifest_Generation = YES;
				INFOPLIST_KEY_UIApplicationSupportsIndirectInputEvents = YES;
				INFOPLIST_KEY_UILaunchScreen_Generation = YES;
				INFOPLIST_KEY_UISupportedInterfaceOrientations = UIInterfaceOrientationPortrait;
				INFOPLIST_KEY_UISupportedInterfaceOrientations_iPad = "UIInterfaceOrientationLandscapeLeft UIInterfaceOrientationLandscapeRight UIInterfaceOrientationPortrait UIInterfaceOrientationPortraitUpsideDown";
				LD_RUNPATH_SEARCH_PATHS = (
					"$(inherited)",
					"@executable_path/Frameworks",
				);
				MARKETING_VERSION = 1.0;
				PRODUCT_BUNDLE_IDENTIFIER = com.novaid.assist;
				PRODUCT_NAME = "$(TARGET_NAME)";
				SUPPORTED_PLATFORMS = "iphoneos iphonesimulator";
				SUPPORTS_MACCATALYST = NO;
				SWIFT_EMIT_LOC_STRINGS = YES;
				SWIFT_VERSION = 5.0;
				TARGETED_DEVICE_FAMILY = "1,2";
			};
			name = Release;
		};
		BLD005 /* Debug */ = {
			isa = XCBuildConfiguration;
			buildSettings = {
				ALWAYS_EMBED_SWIFT_STANDARD_LIBRARIES = YES;
				BUNDLE_LOADER = "$(TEST_HOST)";
				CODE_SIGN_STYLE = Automatic;
				CURRENT_PROJECT_VERSION = 1;
				GENERATE_INFOPLIST_FILE = YES;
				IPHONEOS_DEPLOYMENT_TARGET = 16.0;
				MARKETING_VERSION = 1.0;
				PRODUCT_BUNDLE_IDENTIFIER = com.novaid.assist.tests;
				PRODUCT_NAME = "$(TARGET_NAME)";
				SWIFT_EMIT_LOC_STRINGS = NO;
				SWIFT_VERSION = 5.0;
				TARGETED_DEVICE_FAMILY = "1,2";
				TEST_HOST = "$(BUILT_PRODUCTS_DIR)/NovaidAssist.app/$(BUNDLE_EXECUTABLE_FOLDER_PATH)/NovaidAssist";
			};
			name = Debug;
		};
		BLD006 /* Release */ = {
			isa = XCBuildConfiguration;
			buildSettings = {
				ALWAYS_EMBED_SWIFT_STANDARD_LIBRARIES = YES;
				BUNDLE_LOADER = "$(TEST_HOST)";
				CODE_SIGN_STYLE = Automatic;
				CURRENT_PROJECT_VERSION = 1;
				GENERATE_INFOPLIST_FILE = YES;
				IPHONEOS_DEPLOYMENT_TARGET = 16.0;
				MARKETING_VERSION = 1.0;
				PRODUCT_BUNDLE_IDENTIFIER = com.novaid.assist.tests;
				PRODUCT_NAME = "$(TARGET_NAME)";
				SWIFT_EMIT_LOC_STRINGS = NO;
				SWIFT_VERSION = 5.0;
				TARGETED_DEVICE_FAMILY = "1,2";
				TEST_HOST = "$(BUILT_PRODUCTS_DIR)/NovaidAssist.app/$(BUNDLE_EXECUTABLE_FOLDER_PATH)/NovaidAssist";
			};
			name = Release;
		};
		BLD007 /* Debug */ = {
			isa = XCBuildConfiguration;
			buildSettings = {
				ALWAYS_EMBED_SWIFT_STANDARD_LIBRARIES = YES;
				CODE_SIGN_STYLE = Automatic;
				CURRENT_PROJECT_VERSION = 1;
				GENERATE_INFOPLIST_FILE = YES;
				MARKETING_VERSION = 1.0;
				PRODUCT_BUNDLE_IDENTIFIER = com.novaid.assist.uitests;
				PRODUCT_NAME = "$(TARGET_NAME)";
				SWIFT_EMIT_LOC_STRINGS = NO;
				SWIFT_VERSION = 5.0;
				TARGETED_DEVICE_FAMILY = "1,2";
				TEST_TARGET_NAME = NovaidAssist;
			};
			name = Debug;
		};
		BLD008 /* Release */ = {
			isa = XCBuildConfiguration;
			buildSettings = {
				ALWAYS_EMBED_SWIFT_STANDARD_LIBRARIES = YES;
				CODE_SIGN_STYLE = Automatic;
				CURRENT_PROJECT_VERSION = 1;
				GENERATE_INFOPLIST_FILE = YES;
				MARKETING_VERSION = 1.0;
				PRODUCT_BUNDLE_IDENTIFIER = com.novaid.assist.uitests;
				PRODUCT_NAME = "$(TARGET_NAME)";
				SWIFT_EMIT_LOC_STRINGS = NO;
				SWIFT_VERSION = 5.0;
				TARGETED_DEVICE_FAMILY = "1,2";
				TEST_TARGET_NAME = NovaidAssist;
			};
			name = Release;
		};
/* End XCBuildConfiguration section */

/* Begin XCConfigurationList section */
		CFG000 /* Build configuration list for PBXProject "NovaidAssist" */ = {
			isa = XCConfigurationList;
			buildConfigurations = (
				BLD001 /* Debug */,
				BLD002 /* Release */,
			);
			defaultConfigurationIsVisible = 0;
			defaultConfigurationName = Release;
		};
		CFG001 /* Build configuration list for PBXNativeTarget "NovaidAssist" */ = {
			isa = XCConfigurationList;
			buildConfigurations = (
				BLD003 /* Debug */,
				BLD004 /* Release */,
			);
			defaultConfigurationIsVisible = 0;
			defaultConfigurationName = Release;
		};
		CFG002 /* Build configuration list for PBXNativeTarget "NovaidAssistTests" */ = {
			isa = XCConfigurationList;
			buildConfigurations = (
				BLD005 /* Debug */,
				BLD006 /* Release */,
			);
			defaultConfigurationIsVisible = 0;
			defaultConfigurationName = Release;
		};
		CFG003 /* Build configuration list for PBXNativeTarget "NovaidAssistUITests" */ = {
			isa = XCConfigurationList;
			buildConfigurations = (
				BLD007 /* Debug */,
				BLD008 /* Release */,
			);
			defaultConfigurationIsVisible = 0;
			defaultConfigurationName = Release;
		};
/* End XCConfigurationList section */
	};
	rootObject = PRJ001 /* Project object */;
}
